
Microsoft Visual Studio Solution File, Format Version 12.00
# Visual Studio Version 17
VisualStudioVersion = 17.1.32210.238
MinimumVisualStudioVersion = 10.0.40219.1
Project("{FAE04EC0-301F-11D3-BF4B-00C04F79EFBC}") = "WordleSolver", "WordleSolver\WordleSolver.csproj", "{220FA212-721A-411A-A1D4-C1220C58C722}"
EndProject
Project("{FAE04EC0-301F-11D3-BF4B-00C04F79EFBC}") = "WordleSovlerLibrary", "WordleSovlerLibrary\WordleSovlerLibrary.csproj", "{74FFFB20-6EE7-41ED-BB56-F6191E635570}"
EndProject
Global
	GlobalSection(SolutionConfigurationPlatforms) = preSolution
		Debug|Any CPU = Debug|Any CPU
		Release|Any CPU = Release|Any CPU
	EndGlobalSection
	GlobalSection(ProjectConfigurationPlatforms) = postSolution
		{220FA212-721A-411A-A1D4-C1220C58C722}.Debug|Any CPU.ActiveCfg = Debug|Any CPU
		{220FA212-721A-411A-A1D4-C1220C58C722}.Debug|Any CPU.Build.0 = Debug|Any CPU
		{220FA212-721A-411A-A1D4-C1220C58C722}.Release|Any CPU.ActiveCfg = Release|Any CPU
		{220FA212-721A-411A-A1D4-C1220C58C722}.Release|Any CPU.Build.0 = Release|Any CPU
		{74FFFB20-6EE7-41ED-BB56-F6191E635570}.Debug|Any CPU.ActiveCfg = Debug|Any CPU
		{74FFFB20-6EE7-41ED-BB56-F6191E635570}.Debug|Any CPU.Build.0 = Debug|Any CPU
		{74FFFB20-6EE7-41ED-BB56-F6191E635570}.Release|Any CPU.ActiveCfg = Release|Any CPU
		{74FFFB20-6EE7-41ED-BB56-F6191E635570}.Release|Any CPU.Build.0 = Release|Any CPU
	EndGlobalSection
	GlobalSection(SolutionProperties) = preSolution
		HideSolutionNode = FALSE
	EndGlobalSection
	GlobalSection(ExtensibilityGlobals) = postSolution
		SolutionGuid = {675DD63A-ACF4-4846-9002-D7A66737281A}
	EndGlobalSection
EndGlobal
